PODS:
  - Realm (3.1.1):
    - Realm/Headers (= 3.1.1)
  - Realm/Headers (3.1.1)
  - RealmSwift (3.1.1):
    - Realm (= 3.1.1)
  - Sparrow/LaunchAnimation (1.1.0)
  - SwiftyJSON (4.0.0)

DEPENDENCIES:
  - RealmSwift
  - Sparrow/LaunchAnimation (from `https://github.com/IvanVorobei/Sparrow.git`)
  - SwiftyJSON

EXTERNAL SOURCES:
  Sparrow:
    :git: https://github.com/IvanVorobei/Sparrow.git

CHECKOUT OPTIONS:
  Sparrow:
    :commit: d3becbdd5dbc982a53a461188ea35b818342a9ed
    :git: https://github.com/IvanVorobei/Sparrow.git

SPEC CHECKSUMS:
  Realm: 42d1c38a5b1bbcc828b48a7ce702cb86fc68adf4
  RealmSwift: d31937ca6a6ee54acde64ec839523c0a3c04924b
  Sparrow: 86b8f0d7598dc52ff2b06bb1df05feb297d1821f
  SwiftyJSON: 070dabdcb1beb81b247c65ffa3a79dbbfb3b48aa

PODFILE CHECKSUM: a1de2e6ff88619dde9004ea63130ebb2dd510d60

COCOAPODS: 1.4.0
