// !$*UTF8*$!
{
	archiveVersion = 1;
	classes = {
	};
	objectVersion = 48;
	objects = {

/* Begin PBXBuildFile section */
		438BA23D20686899007F3A5C /* Helpers.swift in Sources */ = {isa = PBXBuildFile; fileRef = 438BA23C20686899007F3A5C /* Helpers.swift */; };
		438BA24220687364007F3A5C /* CurrentUser.swift in Sources */ = {isa = PBXBuildFile; fileRef = 438BA24120687364007F3A5C /* CurrentUser.swift */; };
		438BA2462068753D007F3A5C /* RealmConfig.swift in Sources */ = {isa = PBXBuildFile; fileRef = 438BA2452068753D007F3A5C /* RealmConfig.swift */; };
		438BA24820687545007F3A5C /* DBManager.swift in Sources */ = {isa = PBXBuildFile; fileRef = 438BA24720687545007F3A5C /* DBManager.swift */; };
		438BA24B206883F1007F3A5C /* LoadingHud.swift in Sources */ = {isa = PBXBuildFile; fileRef = 438BA24A206883F1007F3A5C /* LoadingHud.swift */; };
		438BA2512068966F007F3A5C /* LoginConfigurator.swift in Sources */ = {isa = PBXBuildFile; fileRef = 438BA2502068966F007F3A5C /* LoginConfigurator.swift */; };
		438BA2532068968E007F3A5C /* LoginPresenter.swift in Sources */ = {isa = PBXBuildFile; fileRef = 438BA2522068968E007F3A5C /* LoginPresenter.swift */; };
		438BA2552068969D007F3A5C /* LoginViewRouter.swift in Sources */ = {isa = PBXBuildFile; fileRef = 438BA2542068969D007F3A5C /* LoginViewRouter.swift */; };
		438BA25720689B03007F3A5C /* ViewRouter.swift in Sources */ = {isa = PBXBuildFile; fileRef = 438BA25620689B03007F3A5C /* ViewRouter.swift */; };
		43E2A18120667F5D00E21B72 /* AppDelegate.swift in Sources */ = {isa = PBXBuildFile; fileRef = 43E2A18020667F5D00E21B72 /* AppDelegate.swift */; };
		43E2A18620667F5D00E21B72 /* Main.storyboard in Resources */ = {isa = PBXBuildFile; fileRef = 43E2A18420667F5D00E21B72 /* Main.storyboard */; };
		43E2A18820667F5D00E21B72 /* Assets.xcassets in Resources */ = {isa = PBXBuildFile; fileRef = 43E2A18720667F5D00E21B72 /* Assets.xcassets */; };
		43E2A18B20667F5D00E21B72 /* LaunchScreen.storyboard in Resources */ = {isa = PBXBuildFile; fileRef = 43E2A18920667F5D00E21B72 /* LaunchScreen.storyboard */; };
		43E2A19C2066959C00E21B72 /* Constants.swift in Sources */ = {isa = PBXBuildFile; fileRef = 43E2A19B2066959C00E21B72 /* Constants.swift */; };
		43E2A19E206697D900E21B72 /* TwitterManager.swift in Sources */ = {isa = PBXBuildFile; fileRef = 43E2A19D206697D900E21B72 /* TwitterManager.swift */; };
		43E2A1AD2066BE6000E21B72 /* LoginViewController.swift in Sources */ = {isa = PBXBuildFile; fileRef = 43E2A1AC2066BE6000E21B72 /* LoginViewController.swift */; };
		43E2A1AF2066C04800E21B72 /* UIView+Extensions.swift in Sources */ = {isa = PBXBuildFile; fileRef = 43E2A1AE2066C04800E21B72 /* UIView+Extensions.swift */; };
		43E2A1B02066C19400E21B72 /* Info.plist in Resources */ = {isa = PBXBuildFile; fileRef = 43E2A18C20667F5D00E21B72 /* Info.plist */; };
		43F34C1C2069D06B00DFE080 /* HomeViewController.swift in Sources */ = {isa = PBXBuildFile; fileRef = 43F34C1B2069D06B00DFE080 /* HomeViewController.swift */; };
		43F34C452069D2B000DFE080 /* SwifteriOS.framework in Frameworks */ = {isa = PBXBuildFile; fileRef = 43F34C3E2069D2A500DFE080 /* SwifteriOS.framework */; };
		43F34C462069D2B000DFE080 /* SwifteriOS.framework in Embed Frameworks */ = {isa = PBXBuildFile; fileRef = 43F34C3E2069D2A500DFE080 /* SwifteriOS.framework */; settings = {ATTRIBUTES = (CodeSignOnCopy, RemoveHeadersOnCopy, ); }; };
		78B02264484668F8A2AA1977 /* Pods_TwitterClient.framework in Frameworks */ = {isa = PBXBuildFile; fileRef = 91B6B32CDA67B0BDFA908048 /* Pods_TwitterClient.framework */; };
/* End PBXBuildFile section */

/* Begin PBXContainerItemProxy section */
		43F34C3B2069D2A500DFE080 /* PBXContainerItemProxy */ = {
			isa = PBXContainerItemProxy;
			containerPortal = 43F34C332069D2A500DFE080 /* Swifter.xcodeproj */;
			proxyType = 2;
			remoteGlobalIDString = 8B300C1F1944AA1A00993175;
			remoteInfo = SwifterDemoiOS;
		};
		43F34C3D2069D2A500DFE080 /* PBXContainerItemProxy */ = {
			isa = PBXContainerItemProxy;
			containerPortal = 43F34C332069D2A500DFE080 /* Swifter.xcodeproj */;
			proxyType = 2;
			remoteGlobalIDString = 8B9F50EE1944A5AB00894629;
			remoteInfo = SwifteriOS;
		};
		43F34C3F2069D2A500DFE080 /* PBXContainerItemProxy */ = {
			isa = PBXContainerItemProxy;
			containerPortal = 43F34C332069D2A500DFE080 /* Swifter.xcodeproj */;
			proxyType = 2;
			remoteGlobalIDString = 8B9F51131944A61D00894629;
			remoteInfo = SwifterMac;
		};
		43F34C412069D2A500DFE080 /* PBXContainerItemProxy */ = {
			isa = PBXContainerItemProxy;
			containerPortal = 43F34C332069D2A500DFE080 /* Swifter.xcodeproj */;
			proxyType = 2;
			remoteGlobalIDString = 8B300C471944AECB00993175;
			remoteInfo = SwifterDemoMac;
		};
		43F34C432069D2A500DFE080 /* PBXContainerItemProxy */ = {
			isa = PBXContainerItemProxy;
			containerPortal = 43F34C332069D2A500DFE080 /* Swifter.xcodeproj */;
			proxyType = 2;
			remoteGlobalIDString = F6B4D5751C7BAC4500E06514;
			remoteInfo = SwifterTests;
		};
		43F34C472069D2B000DFE080 /* PBXContainerItemProxy */ = {
			isa = PBXContainerItemProxy;
			containerPortal = 43F34C332069D2A500DFE080 /* Swifter.xcodeproj */;
			proxyType = 1;
			remoteGlobalIDString = 8B9F50ED1944A5AB00894629;
			remoteInfo = SwifteriOS;
		};
/* End PBXContainerItemProxy section */

/* Begin PBXCopyFilesBuildPhase section */
		438BA23520685D9F007F3A5C /* Embed Frameworks */ = {
			isa = PBXCopyFilesBuildPhase;
			buildActionMask = 2147483647;
			dstPath = "";
			dstSubfolderSpec = 10;
			files = (
				43F34C462069D2B000DFE080 /* SwifteriOS.framework in Embed Frameworks */,
			);
			name = "Embed Frameworks";
			runOnlyForDeploymentPostprocessing = 0;
		};
/* End PBXCopyFilesBuildPhase section */

/* Begin PBXFileReference section */
		438BA23C20686899007F3A5C /* Helpers.swift */ = {isa = PBXFileReference; lastKnownFileType = sourcecode.swift; path = Helpers.swift; sourceTree = "<group>"; };
		438BA24120687364007F3A5C /* CurrentUser.swift */ = {isa = PBXFileReference; lastKnownFileType = sourcecode.swift; path = CurrentUser.swift; sourceTree = "<group>"; };
		438BA2452068753D007F3A5C /* RealmConfig.swift */ = {isa = PBXFileReference; lastKnownFileType = sourcecode.swift; path = RealmConfig.swift; sourceTree = "<group>"; };
		438BA24720687545007F3A5C /* DBManager.swift */ = {isa = PBXFileReference; lastKnownFileType = sourcecode.swift; path = DBManager.swift; sourceTree = "<group>"; };
		438BA24A206883F1007F3A5C /* LoadingHud.swift */ = {isa = PBXFileReference; lastKnownFileType = sourcecode.swift; path = LoadingHud.swift; sourceTree = "<group>"; };
		438BA2502068966F007F3A5C /* LoginConfigurator.swift */ = {isa = PBXFileReference; lastKnownFileType = sourcecode.swift; path = LoginConfigurator.swift; sourceTree = "<group>"; };
		438BA2522068968E007F3A5C /* LoginPresenter.swift */ = {isa = PBXFileReference; lastKnownFileType = sourcecode.swift; path = LoginPresenter.swift; sourceTree = "<group>"; };
		438BA2542068969D007F3A5C /* LoginViewRouter.swift */ = {isa = PBXFileReference; lastKnownFileType = sourcecode.swift; path = LoginViewRouter.swift; sourceTree = "<group>"; };
		438BA25620689B03007F3A5C /* ViewRouter.swift */ = {isa = PBXFileReference; lastKnownFileType = sourcecode.swift; path = ViewRouter.swift; sourceTree = "<group>"; };
		43E2A17D20667F5D00E21B72 /* TwitterClient.app */ = {isa = PBXFileReference; explicitFileType = wrapper.application; includeInIndex = 0; path = TwitterClient.app; sourceTree = BUILT_PRODUCTS_DIR; };
		43E2A18020667F5D00E21B72 /* AppDelegate.swift */ = {isa = PBXFileReference; lastKnownFileType = sourcecode.swift; path = AppDelegate.swift; sourceTree = "<group>"; };
		43E2A18520667F5D00E21B72 /* Base */ = {isa = PBXFileReference; lastKnownFileType = file.storyboard; name = Base; path = Base.lproj/Main.storyboard; sourceTree = "<group>"; };
		43E2A18720667F5D00E21B72 /* Assets.xcassets */ = {isa = PBXFileReference; lastKnownFileType = folder.assetcatalog; path = Assets.xcassets; sourceTree = "<group>"; };
		43E2A18A20667F5D00E21B72 /* Base */ = {isa = PBXFileReference; lastKnownFileType = file.storyboard; name = Base; path = Base.lproj/LaunchScreen.storyboard; sourceTree = "<group>"; };
		43E2A18C20667F5D00E21B72 /* Info.plist */ = {isa = PBXFileReference; lastKnownFileType = text.plist.xml; path = Info.plist; sourceTree = "<group>"; };
		43E2A19B2066959C00E21B72 /* Constants.swift */ = {isa = PBXFileReference; lastKnownFileType = sourcecode.swift; path = Constants.swift; sourceTree = "<group>"; };
		43E2A19D206697D900E21B72 /* TwitterManager.swift */ = {isa = PBXFileReference; lastKnownFileType = sourcecode.swift; path = TwitterManager.swift; sourceTree = "<group>"; };
		43E2A1AC2066BE6000E21B72 /* LoginViewController.swift */ = {isa = PBXFileReference; lastKnownFileType = sourcecode.swift; path = LoginViewController.swift; sourceTree = "<group>"; };
		43E2A1AE2066C04800E21B72 /* UIView+Extensions.swift */ = {isa = PBXFileReference; lastKnownFileType = sourcecode.swift; path = "UIView+Extensions.swift"; sourceTree = "<group>"; };
		43F34C1B2069D06B00DFE080 /* HomeViewController.swift */ = {isa = PBXFileReference; lastKnownFileType = sourcecode.swift; path = HomeViewController.swift; sourceTree = "<group>"; };
		43F34C332069D2A500DFE080 /* Swifter.xcodeproj */ = {isa = PBXFileReference; lastKnownFileType = "wrapper.pb-project"; name = Swifter.xcodeproj; path = "Swifter-master/Swifter.xcodeproj"; sourceTree = "<group>"; };
		50B03C6319286A7A584A5C88 /* Pods-TwitterClient.debug.xcconfig */ = {isa = PBXFileReference; includeInIndex = 1; lastKnownFileType = text.xcconfig; name = "Pods-TwitterClient.debug.xcconfig"; path = "Pods/Target Support Files/Pods-TwitterClient/Pods-TwitterClient.debug.xcconfig"; sourceTree = "<group>"; };
		91B6B32CDA67B0BDFA908048 /* Pods_TwitterClient.framework */ = {isa = PBXFileReference; explicitFileType = wrapper.framework; includeInIndex = 0; path = Pods_TwitterClient.framework; sourceTree = BUILT_PRODUCTS_DIR; };
		F9FE8F2AAA4E3B705FF356CF /* Pods-TwitterClient.release.xcconfig */ = {isa = PBXFileReference; includeInIndex = 1; lastKnownFileType = text.xcconfig; name = "Pods-TwitterClient.release.xcconfig"; path = "Pods/Target Support Files/Pods-TwitterClient/Pods-TwitterClient.release.xcconfig"; sourceTree = "<group>"; };
/* End PBXFileReference section */

/* Begin PBXFrameworksBuildPhase section */
		43E2A17A20667F5D00E21B72 /* Frameworks */ = {
			isa = PBXFrameworksBuildPhase;
			buildActionMask = 2147483647;
			files = (
				78B02264484668F8A2AA1977 /* Pods_TwitterClient.framework in Frameworks */,
				43F34C452069D2B000DFE080 /* SwifteriOS.framework in Frameworks */,
			);
			runOnlyForDeploymentPostprocessing = 0;
		};
/* End PBXFrameworksBuildPhase section */

/* Begin PBXGroup section */
		438BA24320687515007F3A5C /* Twitter API */ = {
			isa = PBXGroup;
			children = (
				43E2A19B2066959C00E21B72 /* Constants.swift */,
				43E2A19D206697D900E21B72 /* TwitterManager.swift */,
			);
			path = "Twitter API";
			sourceTree = "<group>";
		};
		438BA24420687521007F3A5C /* Realm */ = {
			isa = PBXGroup;
			children = (
				438BA2452068753D007F3A5C /* RealmConfig.swift */,
				438BA24720687545007F3A5C /* DBManager.swift */,
			);
			path = Realm;
			sourceTree = "<group>";
		};
		43E2A17420667F5D00E21B72 = {
			isa = PBXGroup;
			children = (
				43F34C332069D2A500DFE080 /* Swifter.xcodeproj */,
				43E2A17F20667F5D00E21B72 /* TwitterClient */,
				43E2A17E20667F5D00E21B72 /* Products */,
				9F0048B557A9B243D07EF040 /* Pods */,
				4E61515EF93D51108FA2FF6F /* Frameworks */,
			);
			sourceTree = "<group>";
		};
		43E2A17E20667F5D00E21B72 /* Products */ = {
			isa = PBXGroup;
			children = (
				43E2A17D20667F5D00E21B72 /* TwitterClient.app */,
			);
			name = Products;
			sourceTree = "<group>";
		};
		43E2A17F20667F5D00E21B72 /* TwitterClient */ = {
			isa = PBXGroup;
			children = (
				43E2A19820667FEB00E21B72 /* Application Files */,
				43E2A19720667FE600E21B72 /* Resources */,
				43E2A19620667FE000E21B72 /* Utilities */,
				43E2A19520667FDA00E21B72 /* Network */,
				43E2A19420667FD600E21B72 /* Models */,
				43E2A19320667FD000E21B72 /* Modules */,
				43E2A19220667FC900E21B72 /* Storyboards */,
			);
			path = TwitterClient;
			sourceTree = "<group>";
		};
		43E2A19220667FC900E21B72 /* Storyboards */ = {
			isa = PBXGroup;
			children = (
				43E2A18920667F5D00E21B72 /* LaunchScreen.storyboard */,
				43E2A18420667F5D00E21B72 /* Main.storyboard */,
			);
			path = Storyboards;
			sourceTree = "<group>";
		};
		43E2A19320667FD000E21B72 /* Modules */ = {
			isa = PBXGroup;
			children = (
				43F34C1A2069D05600DFE080 /* Home */,
				43E2A1AB2066BE4900E21B72 /* Authentication */,
			);
			path = Modules;
			sourceTree = "<group>";
		};
		43E2A19420667FD600E21B72 /* Models */ = {
			isa = PBXGroup;
			children = (
				438BA24120687364007F3A5C /* CurrentUser.swift */,
			);
			path = Models;
			sourceTree = "<group>";
		};
		43E2A19520667FDA00E21B72 /* Network */ = {
			isa = PBXGroup;
			children = (
				438BA24420687521007F3A5C /* Realm */,
				438BA24320687515007F3A5C /* Twitter API */,
			);
			path = Network;
			sourceTree = "<group>";
		};
		43E2A19620667FE000E21B72 /* Utilities */ = {
			isa = PBXGroup;
			children = (
				43E2A19A20667FFC00E21B72 /* Helpers */,
				43E2A19920667FF200E21B72 /* Extensions */,
			);
			path = Utilities;
			sourceTree = "<group>";
		};
		43E2A19720667FE600E21B72 /* Resources */ = {
			isa = PBXGroup;
			children = (
				43E2A18720667F5D00E21B72 /* Assets.xcassets */,
			);
			path = Resources;
			sourceTree = "<group>";
		};
		43E2A19820667FEB00E21B72 /* Application Files */ = {
			isa = PBXGroup;
			children = (
				43E2A18C20667F5D00E21B72 /* Info.plist */,
				43E2A18020667F5D00E21B72 /* AppDelegate.swift */,
			);
			path = "Application Files";
			sourceTree = "<group>";
		};
		43E2A19920667FF200E21B72 /* Extensions */ = {
			isa = PBXGroup;
			children = (
				43E2A1AE2066C04800E21B72 /* UIView+Extensions.swift */,
			);
			path = Extensions;
			sourceTree = "<group>";
		};
		43E2A19A20667FFC00E21B72 /* Helpers */ = {
			isa = PBXGroup;
			children = (
				438BA23C20686899007F3A5C /* Helpers.swift */,
				438BA24A206883F1007F3A5C /* LoadingHud.swift */,
				438BA25620689B03007F3A5C /* ViewRouter.swift */,
			);
			path = Helpers;
			sourceTree = "<group>";
		};
		43E2A1AB2066BE4900E21B72 /* Authentication */ = {
			isa = PBXGroup;
			children = (
				43E2A1AC2066BE6000E21B72 /* LoginViewController.swift */,
				438BA2502068966F007F3A5C /* LoginConfigurator.swift */,
				438BA2522068968E007F3A5C /* LoginPresenter.swift */,
				438BA2542068969D007F3A5C /* LoginViewRouter.swift */,
			);
			path = Authentication;
			sourceTree = "<group>";
		};
		43F34C1A2069D05600DFE080 /* Home */ = {
			isa = PBXGroup;
			children = (
				43F34C1B2069D06B00DFE080 /* HomeViewController.swift */,
			);
			path = Home;
			sourceTree = "<group>";
		};
		43F34C342069D2A500DFE080 /* Products */ = {
			isa = PBXGroup;
			children = (
				43F34C3C2069D2A500DFE080 /* SwifterDemoiOS.app */,
				43F34C3E2069D2A500DFE080 /* SwifteriOS.framework */,
				43F34C402069D2A500DFE080 /* SwifterMac.framework */,
				43F34C422069D2A500DFE080 /* SwifterDemoMac.app */,
				43F34C442069D2A500DFE080 /* SwifterTests.xctest */,
			);
			name = Products;
			sourceTree = "<group>";
		};
		4E61515EF93D51108FA2FF6F /* Frameworks */ = {
			isa = PBXGroup;
			children = (
				91B6B32CDA67B0BDFA908048 /* Pods_TwitterClient.framework */,
			);
			name = Frameworks;
			sourceTree = "<group>";
		};
		9F0048B557A9B243D07EF040 /* Pods */ = {
			isa = PBXGroup;
			children = (
				50B03C6319286A7A584A5C88 /* Pods-TwitterClient.debug.xcconfig */,
				F9FE8F2AAA4E3B705FF356CF /* Pods-TwitterClient.release.xcconfig */,
			);
			name = Pods;
			sourceTree = "<group>";
		};
/* End PBXGroup section */

/* Begin PBXNativeTarget section */
		43E2A17C20667F5D00E21B72 /* TwitterClient */ = {
			isa = PBXNativeTarget;
			buildConfigurationList = 43E2A18F20667F5D00E21B72 /* Build configuration list for PBXNativeTarget "TwitterClient" */;
			buildPhases = (
				CE0548279104CC01E25F1807 /* [CP] Check Pods Manifest.lock */,
				43E2A17920667F5D00E21B72 /* Sources */,
				43E2A17A20667F5D00E21B72 /* Frameworks */,
				43E2A17B20667F5D00E21B72 /* Resources */,
				8A39C52F5341E2D6D94DFB22 /* [CP] Embed Pods Frameworks */,
				F0BB942FBBAE252FB6B45BAF /* [CP] Copy Pods Resources */,
				438BA23520685D9F007F3A5C /* Embed Frameworks */,
			);
			buildRules = (
			);
			dependencies = (
				43F34C482069D2B000DFE080 /* PBXTargetDependency */,
			);
			name = TwitterClient;
			productName = TwitterClient;
			productReference = 43E2A17D20667F5D00E21B72 /* TwitterClient.app */;
			productType = "com.apple.product-type.application";
		};
/* End PBXNativeTarget section */

/* Begin PBXProject section */
		43E2A17520667F5D00E21B72 /* Project object */ = {
			isa = PBXProject;
			attributes = {
				LastSwiftUpdateCheck = 0920;
				LastUpgradeCheck = 0920;
				ORGANIZATIONNAME = KarimEbrahem;
				TargetAttributes = {
					43E2A17C20667F5D00E21B72 = {
						CreatedOnToolsVersion = 9.2;
						ProvisioningStyle = Automatic;
					};
				};
			};
			buildConfigurationList = 43E2A17820667F5D00E21B72 /* Build configuration list for PBXProject "TwitterClient" */;
			compatibilityVersion = "Xcode 8.0";
			developmentRegion = en;
			hasScannedForEncodings = 0;
			knownRegions = (
				en,
				Base,
			);
			mainGroup = 43E2A17420667F5D00E21B72;
			productRefGroup = 43E2A17E20667F5D00E21B72 /* Products */;
			projectDirPath = "";
			projectReferences = (
				{
					ProductGroup = 43F34C342069D2A500DFE080 /* Products */;
					ProjectRef = 43F34C332069D2A500DFE080 /* Swifter.xcodeproj */;
				},
			);
			projectRoot = "";
			targets = (
				43E2A17C20667F5D00E21B72 /* TwitterClient */,
			);
		};
/* End PBXProject section */

/* Begin PBXReferenceProxy section */
		43F34C3C2069D2A500DFE080 /* SwifterDemoiOS.app */ = {
			isa = PBXReferenceProxy;
			fileType = wrapper.application;
			path = SwifterDemoiOS.app;
			remoteRef = 43F34C3B2069D2A500DFE080 /* PBXContainerItemProxy */;
			sourceTree = BUILT_PRODUCTS_DIR;
		};
		43F34C3E2069D2A500DFE080 /* SwifteriOS.framework */ = {
			isa = PBXReferenceProxy;
			fileType = wrapper.framework;
			path = SwifteriOS.framework;
			remoteRef = 43F34C3D2069D2A500DFE080 /* PBXContainerItemProxy */;
			sourceTree = BUILT_PRODUCTS_DIR;
		};
		43F34C402069D2A500DFE080 /* SwifterMac.framework */ = {
			isa = PBXReferenceProxy;
			fileType = wrapper.framework;
			path = SwifterMac.framework;
			remoteRef = 43F34C3F2069D2A500DFE080 /* PBXContainerItemProxy */;
			sourceTree = BUILT_PRODUCTS_DIR;
		};
		43F34C422069D2A500DFE080 /* SwifterDemoMac.app */ = {
			isa = PBXReferenceProxy;
			fileType = wrapper.application;
			path = SwifterDemoMac.app;
			remoteRef = 43F34C412069D2A500DFE080 /* PBXContainerItemProxy */;
			sourceTree = BUILT_PRODUCTS_DIR;
		};
		43F34C442069D2A500DFE080 /* SwifterTests.xctest */ = {
			isa = PBXReferenceProxy;
			fileType = wrapper.cfbundle;
			path = SwifterTests.xctest;
			remoteRef = 43F34C432069D2A500DFE080 /* PBXContainerItemProxy */;
			sourceTree = BUILT_PRODUCTS_DIR;
		};
/* End PBXReferenceProxy section */

/* Begin PBXResourcesBuildPhase section */
		43E2A17B20667F5D00E21B72 /* Resources */ = {
			isa = PBXResourcesBuildPhase;
			buildActionMask = 2147483647;
			files = (
				43E2A1B02066C19400E21B72 /* Info.plist in Resources */,
				43E2A18B20667F5D00E21B72 /* LaunchScreen.storyboard in Resources */,
				43E2A18820667F5D00E21B72 /* Assets.xcassets in Resources */,
				43E2A18620667F5D00E21B72 /* Main.storyboard in Resources */,
			);
			runOnlyForDeploymentPostprocessing = 0;
		};
/* End PBXResourcesBuildPhase section */

/* Begin PBXShellScriptBuildPhase section */
		8A39C52F5341E2D6D94DFB22 /* [CP] Embed Pods Frameworks */ = {
			isa = PBXShellScriptBuildPhase;
			buildActionMask = 2147483647;
			files = (
			);
			inputPaths = (
				"${SRCROOT}/Pods/Target Support Files/Pods-TwitterClient/Pods-TwitterClient-frameworks.sh",
				"${BUILT_PRODUCTS_DIR}/JGProgressHUD/JGProgressHUD.framework",
				"${BUILT_PRODUCTS_DIR}/Realm/Realm.framework",
				"${BUILT_PRODUCTS_DIR}/RealmSwift/RealmSwift.framework",
				"${BUILT_PRODUCTS_DIR}/Sparrow/Sparrow.framework",
				"${BUILT_PRODUCTS_DIR}/SwiftyJSON/SwiftyJSON.framework",
			);
			name = "[CP] Embed Pods Frameworks";
			outputPaths = (
				"${TARGET_BUILD_DIR}/${FRAMEWORKS_FOLDER_PATH}/JGProgressHUD.framework",
				"${TARGET_BUILD_DIR}/${FRAMEWORKS_FOLDER_PATH}/Realm.framework",
				"${TARGET_BUILD_DIR}/${FRAMEWORKS_FOLDER_PATH}/RealmSwift.framework",
				"${TARGET_BUILD_DIR}/${FRAMEWORKS_FOLDER_PATH}/Sparrow.framework",
				"${TARGET_BUILD_DIR}/${FRAMEWORKS_FOLDER_PATH}/SwiftyJSON.framework",
			);
			runOnlyForDeploymentPostprocessing = 0;
			shellPath = /bin/sh;
			shellScript = "\"${SRCROOT}/Pods/Target Support Files/Pods-TwitterClient/Pods-TwitterClient-frameworks.sh\"\n";
			showEnvVarsInLog = 0;
		};
		CE0548279104CC01E25F1807 /* [CP] Check Pods Manifest.lock */ = {
			isa = PBXShellScriptBuildPhase;
			buildActionMask = 2147483647;
			files = (
			);
			inputPaths = (
				"${PODS_PODFILE_DIR_PATH}/Podfile.lock",
				"${PODS_ROOT}/Manifest.lock",
			);
			name = "[CP] Check Pods Manifest.lock";
			outputPaths = (
				"$(DERIVED_FILE_DIR)/Pods-TwitterClient-checkManifestLockResult.txt",
			);
			runOnlyForDeploymentPostprocessing = 0;
			shellPath = /bin/sh;
			shellScript = "diff \"${PODS_PODFILE_DIR_PATH}/Podfile.lock\" \"${PODS_ROOT}/Manifest.lock\" > /dev/null\nif [ $? != 0 ] ; then\n    # print error to STDERR\n    echo \"error: The sandbox is not in sync with the Podfile.lock. Run 'pod install' or update your CocoaPods installation.\" >&2\n    exit 1\nfi\n# This output is used by Xcode 'outputs' to avoid re-running this script phase.\necho \"SUCCESS\" > \"${SCRIPT_OUTPUT_FILE_0}\"\n";
			showEnvVarsInLog = 0;
		};
		F0BB942FBBAE252FB6B45BAF /* [CP] Copy Pods Resources */ = {
			isa = PBXShellScriptBuildPhase;
			buildActionMask = 2147483647;
			files = (
			);
			inputPaths = (
				"${SRCROOT}/Pods/Target Support Files/Pods-TwitterClient/Pods-TwitterClient-resources.sh",
				"${PODS_ROOT}/TwitterKit/iOS/TwitterKit.framework/TwitterKitResources.bundle",
				"${PODS_ROOT}/TwitterKit/iOS/TwitterKit.framework/TwitterShareExtensionUIResources.bundle",
			);
			name = "[CP] Copy Pods Resources";
			outputPaths = (
				"${TARGET_BUILD_DIR}/${UNLOCALIZED_RESOURCES_FOLDER_PATH}/TwitterKitResources.bundle",
				"${TARGET_BUILD_DIR}/${UNLOCALIZED_RESOURCES_FOLDER_PATH}/TwitterShareExtensionUIResources.bundle",
			);
			runOnlyForDeploymentPostprocessing = 0;
			shellPath = /bin/sh;
			shellScript = "\"${SRCROOT}/Pods/Target Support Files/Pods-TwitterClient/Pods-TwitterClient-resources.sh\"\n";
			showEnvVarsInLog = 0;
		};
/* End PBXShellScriptBuildPhase section */

/* Begin PBXSourcesBuildPhase section */
		43E2A17920667F5D00E21B72 /* Sources */ = {
			isa = PBXSourcesBuildPhase;
			buildActionMask = 2147483647;
			files = (
				438BA2532068968E007F3A5C /* LoginPresenter.swift in Sources */,
				438BA25720689B03007F3A5C /* ViewRouter.swift in Sources */,
				43E2A1AF2066C04800E21B72 /* UIView+Extensions.swift in Sources */,
				438BA23D20686899007F3A5C /* Helpers.swift in Sources */,
				438BA2512068966F007F3A5C /* LoginConfigurator.swift in Sources */,
				43F34C1C2069D06B00DFE080 /* HomeViewController.swift in Sources */,
				43E2A1AD2066BE6000E21B72 /* LoginViewController.swift in Sources */,
				438BA2462068753D007F3A5C /* RealmConfig.swift in Sources */,
				438BA24820687545007F3A5C /* DBManager.swift in Sources */,
				43E2A19E206697D900E21B72 /* TwitterManager.swift in Sources */,
				43E2A18120667F5D00E21B72 /* AppDelegate.swift in Sources */,
				438BA24220687364007F3A5C /* CurrentUser.swift in Sources */,
				438BA24B206883F1007F3A5C /* LoadingHud.swift in Sources */,
				438BA2552068969D007F3A5C /* LoginViewRouter.swift in Sources */,
				43E2A19C2066959C00E21B72 /* Constants.swift in Sources */,
			);
			runOnlyForDeploymentPostprocessing = 0;
		};
/* End PBXSourcesBuildPhase section */

/* Begin PBXTargetDependency section */
		43F34C482069D2B000DFE080 /* PBXTargetDependency */ = {
			isa = PBXTargetDependency;
			name = SwifteriOS;
			targetProxy = 43F34C472069D2B000DFE080 /* PBXContainerItemProxy */;
		};
/* End PBXTargetDependency section */

/* Begin PBXVariantGroup section */
		43E2A18420667F5D00E21B72 /* Main.storyboard */ = {
			isa = PBXVariantGroup;
			children = (
				43E2A18520667F5D00E21B72 /* Base */,
			);
			name = Main.storyboard;
			sourceTree = "<group>";
		};
		43E2A18920667F5D00E21B72 /* LaunchScreen.storyboard */ = {
			isa = PBXVariantGroup;
			children = (
				43E2A18A20667F5D00E21B72 /* Base */,
			);
			name = LaunchScreen.storyboard;
			sourceTree = "<group>";
		};
/* End PBXVariantGroup section */

/* Begin XCBuildConfiguration section */
		43E2A18D20667F5D00E21B72 /* Debug */ = {
			isa = XCBuildConfiguration;
			buildSettings = {
				ALWAYS_SEARCH_USER_PATHS = NO;
				CLANG_ANALYZER_NONNULL = YES;
				CLANG_ANALYZER_NUMBER_OBJECT_CONVERSION = YES_AGGRESSIVE;
				CLANG_CXX_LANGUAGE_STANDARD = "gnu++14";
				CLANG_CXX_LIBRARY = "libc++";
				CLANG_ENABLE_MODULES = YES;
				CLANG_ENABLE_OBJC_ARC = YES;
				CLANG_WARN_BLOCK_CAPTURE_AUTORELEASING = YES;
				CLANG_WARN_BOOL_CONVERSION = YES;
				CLANG_WARN_COMMA = YES;
				CLANG_WARN_CONSTANT_CONVERSION = YES;
				CLANG_WARN_DIRECT_OBJC_ISA_USAGE = YES_ERROR;
				CLANG_WARN_DOCUMENTATION_COMMENTS = YES;
				CLANG_WARN_EMPTY_BODY = YES;
				CLANG_WARN_ENUM_CONVERSION = YES;
				CLANG_WARN_INFINITE_RECURSION = YES;
				CLANG_WARN_INT_CONVERSION = YES;
				CLANG_WARN_NON_LITERAL_NULL_CONVERSION = YES;
				CLANG_WARN_OBJC_LITERAL_CONVERSION = YES;
				CLANG_WARN_OBJC_ROOT_CLASS = YES_ERROR;
				CLANG_WARN_RANGE_LOOP_ANALYSIS = YES;
				CLANG_WARN_STRICT_PROTOTYPES = YES;
				CLANG_WARN_SUSPICIOUS_MOVE = YES;
				CLANG_WARN_UNGUARDED_AVAILABILITY = YES_AGGRESSIVE;
				CLANG_WARN_UNREACHABLE_CODE = YES;
				CLANG_WARN__DUPLICATE_METHOD_MATCH = YES;
				CODE_SIGN_IDENTITY = "iPhone Developer";
				COPY_PHASE_STRIP = NO;
				DEBUG_INFORMATION_FORMAT = dwarf;
				ENABLE_STRICT_OBJC_MSGSEND = YES;
				ENABLE_TESTABILITY = YES;
				GCC_C_LANGUAGE_STANDARD = gnu11;
				GCC_DYNAMIC_NO_PIC = NO;
				GCC_NO_COMMON_BLOCKS = YES;
				GCC_OPTIMIZATION_LEVEL = 0;
				GCC_PREPROCESSOR_DEFINITIONS = (
					"DEBUG=1",
					"$(inherited)",
				);
				GCC_WARN_64_TO_32_BIT_CONVERSION = YES;
				GCC_WARN_ABOUT_RETURN_TYPE = YES_ERROR;
				GCC_WARN_UNDECLARED_SELECTOR = YES;
				GCC_WARN_UNINITIALIZED_AUTOS = YES_AGGRESSIVE;
				GCC_WARN_UNUSED_FUNCTION = YES;
				GCC_WARN_UNUSED_VARIABLE = YES;
				IPHONEOS_DEPLOYMENT_TARGET = 11.2;
				MTL_ENABLE_DEBUG_INFO = YES;
				ONLY_ACTIVE_ARCH = YES;
				SDKROOT = iphoneos;
				SWIFT_ACTIVE_COMPILATION_CONDITIONS = DEBUG;
				SWIFT_OPTIMIZATION_LEVEL = "-Onone";
			};
			name = Debug;
		};
		43E2A18E20667F5D00E21B72 /* Release */ = {
			isa = XCBuildConfiguration;
			buildSettings = {
				ALWAYS_SEARCH_USER_PATHS = NO;
				CLANG_ANALYZER_NONNULL = YES;
				CLANG_ANALYZER_NUMBER_OBJECT_CONVERSION = YES_AGGRESSIVE;
				CLANG_CXX_LANGUAGE_STANDARD = "gnu++14";
				CLANG_CXX_LIBRARY = "libc++";
				CLANG_ENABLE_MODULES = YES;
				CLANG_ENABLE_OBJC_ARC = YES;
				CLANG_WARN_BLOCK_CAPTURE_AUTORELEASING = YES;
				CLANG_WARN_BOOL_CONVERSION = YES;
				CLANG_WARN_COMMA = YES;
				CLANG_WARN_CONSTANT_CONVERSION = YES;
				CLANG_WARN_DIRECT_OBJC_ISA_USAGE = YES_ERROR;
				CLANG_WARN_DOCUMENTATION_COMMENTS = YES;
				CLANG_WARN_EMPTY_BODY = YES;
				CLANG_WARN_ENUM_CONVERSION = YES;
				CLANG_WARN_INFINITE_RECURSION = YES;
				CLANG_WARN_INT_CONVERSION = YES;
				CLANG_WARN_NON_LITERAL_NULL_CONVERSION = YES;
				CLANG_WARN_OBJC_LITERAL_CONVERSION = YES;
				CLANG_WARN_OBJC_ROOT_CLASS = YES_ERROR;
				CLANG_WARN_RANGE_LOOP_ANALYSIS = YES;
				CLANG_WARN_STRICT_PROTOTYPES = YES;
				CLANG_WARN_SUSPICIOUS_MOVE = YES;
				CLANG_WARN_UNGUARDED_AVAILABILITY = YES_AGGRESSIVE;
				CLANG_WARN_UNREACHABLE_CODE = YES;
				CLANG_WARN__DUPLICATE_METHOD_MATCH = YES;
				CODE_SIGN_IDENTITY = "iPhone Developer";
				COPY_PHASE_STRIP = NO;
				DEBUG_INFORMATION_FORMAT = "dwarf-with-dsym";
				ENABLE_NS_ASSERTIONS = NO;
				ENABLE_STRICT_OBJC_MSGSEND = YES;
				GCC_C_LANGUAGE_STANDARD = gnu11;
				GCC_NO_COMMON_BLOCKS = YES;
				GCC_WARN_64_TO_32_BIT_CONVERSION = YES;
				GCC_WARN_ABOUT_RETURN_TYPE = YES_ERROR;
				GCC_WARN_UNDECLARED_SELECTOR = YES;
				GCC_WARN_UNINITIALIZED_AUTOS = YES_AGGRESSIVE;
				GCC_WARN_UNUSED_FUNCTION = YES;
				GCC_WARN_UNUSED_VARIABLE = YES;
				IPHONEOS_DEPLOYMENT_TARGET = 11.2;
				MTL_ENABLE_DEBUG_INFO = NO;
				SDKROOT = iphoneos;
				SWIFT_OPTIMIZATION_LEVEL = "-Owholemodule";
				VALIDATE_PRODUCT = YES;
			};
			name = Release;
		};
		43E2A19020667F5D00E21B72 /* Debug */ = {
			isa = XCBuildConfiguration;
			baseConfigurationReference = 50B03C6319286A7A584A5C88 /* Pods-TwitterClient.debug.xcconfig */;
			buildSettings = {
				ALWAYS_EMBED_SWIFT_STANDARD_LIBRARIES = YES;
				ASSETCATALOG_COMPILER_APPICON_NAME = AppIcon;
				CODE_SIGN_STYLE = Automatic;
				DEVELOPMENT_TEAM = FX2Z63PGT5;
				INFOPLIST_FILE = "$(SRCROOT)/TwitterClient/Application Files/Info.plist";
				IPHONEOS_DEPLOYMENT_TARGET = 9.0;
				LD_RUNPATH_SEARCH_PATHS = "$(inherited) @executable_path/Frameworks";
				PRODUCT_BUNDLE_IDENTIFIER = com.karimebrahem.TwitterClient;
				PRODUCT_NAME = "$(TARGET_NAME)";
				SWIFT_VERSION = 4.0;
				TARGETED_DEVICE_FAMILY = "1,2";
			};
			name = Debug;
		};
		43E2A19120667F5D00E21B72 /* Release */ = {
			isa = XCBuildConfiguration;
			baseConfigurationReference = F9FE8F2AAA4E3B705FF356CF /* Pods-TwitterClient.release.xcconfig */;
			buildSettings = {
				ALWAYS_EMBED_SWIFT_STANDARD_LIBRARIES = YES;
				ASSETCATALOG_COMPILER_APPICON_NAME = AppIcon;
				CODE_SIGN_STYLE = Automatic;
				DEVELOPMENT_TEAM = FX2Z63PGT5;
				INFOPLIST_FILE = "$(SRCROOT)/TwitterClient/Application Files/Info.plist";
				IPHONEOS_DEPLOYMENT_TARGET = 9.0;
				LD_RUNPATH_SEARCH_PATHS = "$(inherited) @executable_path/Frameworks";
				PRODUCT_BUNDLE_IDENTIFIER = com.karimebrahem.TwitterClient;
				PRODUCT_NAME = "$(TARGET_NAME)";
				SWIFT_VERSION = 4.0;
				TARGETED_DEVICE_FAMILY = "1,2";
			};
			name = Release;
		};
/* End XCBuildConfiguration section */

/* Begin XCConfigurationList section */
		43E2A17820667F5D00E21B72 /* Build configuration list for PBXProject "TwitterClient" */ = {
			isa = XCConfigurationList;
			buildConfigurations = (
				43E2A18D20667F5D00E21B72 /* Debug */,
				43E2A18E20667F5D00E21B72 /* Release */,
			);
			defaultConfigurationIsVisible = 0;
			defaultConfigurationName = Release;
		};
		43E2A18F20667F5D00E21B72 /* Build configuration list for PBXNativeTarget "TwitterClient" */ = {
			isa = XCConfigurationList;
			buildConfigurations = (
				43E2A19020667F5D00E21B72 /* Debug */,
				43E2A19120667F5D00E21B72 /* Release */,
			);
			defaultConfigurationIsVisible = 0;
			defaultConfigurationName = Release;
		};
/* End XCConfigurationList section */
	};
	rootObject = 43E2A17520667F5D00E21B72 /* Project object */;
}
